// !$*UTF8*$!
{
	archiveVersion = 1;
	classes = {
	};
	objectVersion = 46;
	objects = {

/* Begin PBXBuildFile section */
		D8F838191DB87522006D4358 /* AppDelegate.swift in Sources */ = {isa = PBXBuildFile; fileRef = D8F838181DB87522006D4358 /* AppDelegate.swift */; };
		D8F8381B1DB87522006D4358 /* ViewController.swift in Sources */ = {isa = PBXBuildFile; fileRef = D8F8381A1DB87522006D4358 /* ViewController.swift */; };
		D8F8381E1DB87522006D4358 /* Main.storyboard in Resources */ = {isa = PBXBuildFile; fileRef = D8F8381C1DB87522006D4358 /* Main.storyboard */; };
		D8F838201DB87522006D4358 /* Assets.xcassets in Resources */ = {isa = PBXBuildFile; fileRef = D8F8381F1DB87522006D4358 /* Assets.xcassets */; };
		D8F838231DB87522006D4358 /* LaunchScreen.storyboard in Resources */ = {isa = PBXBuildFile; fileRef = D8F838211DB87522006D4358 /* LaunchScreen.storyboard */; };
		D8F8382B1DB876D9006D4358 /* TTImagePicker.swift in Sources */ = {isa = PBXBuildFile; fileRef = D8F8382A1DB876D9006D4358 /* TTImagePicker.swift */; };
/* End PBXBuildFile section */

/* Begin PBXFileReference section */
		D8F838151DB87522006D4358 /* TTImagePicker.app */ = {isa = PBXFileReference; explicitFileType = wrapper.application; includeInIndex = 0; path = TTImagePicker.app; sourceTree = BUILT_PRODUCTS_DIR; };
		D8F838181DB87522006D4358 /* AppDelegate.swift */ = {isa = PBXFileReference; lastKnownFileType = sourcecode.swift; path = AppDelegate.swift; sourceTree = "<group>"; };
		D8F8381A1DB87522006D4358 /* ViewController.swift */ = {isa = PBXFileReference; lastKnownFileType = sourcecode.swift; path = ViewController.swift; sourceTree = "<group>"; };
		D8F8381D1DB87522006D4358 /* Base */ = {isa = PBXFileReference; lastKnownFileType = file.storyboard; name = Base; path = Base.lproj/Main.storyboard; sourceTree = "<group>"; };
		D8F8381F1DB87522006D4358 /* Assets.xcassets */ = {isa = PBXFileReference; lastKnownFileType = folder.assetcatalog; path = Assets.xcassets; sourceTree = "<group>"; };
		D8F838221DB87522006D4358 /* Base */ = {isa = PBXFileReference; lastKnownFileType = file.storyboard; name = Base; path = Base.lproj/LaunchScreen.storyboard; sourceTree = "<group>"; };
		D8F838241DB87522006D4358 /* Info.plist */ = {isa = PBXFileReference; lastKnownFileType = text.plist.xml; path = Info.plist; sourceTree = "<group>"; };
		D8F8382A1DB876D9006D4358 /* TTImagePicker.swift */ = {isa = PBXFileReference; fileEncoding = 4; lastKnownFileType = sourcecode.swift; path = TTImagePicker.swift; sourceTree = "<group>"; };
/* End PBXFileReference section */

/* Begin PBXFrameworksBuildPhase section */
		D8F838121DB87522006D4358 /* Frameworks */ = {
			isa = PBXFrameworksBuildPhase;
			buildActionMask = 2147483647;
			files = (
			);
			runOnlyForDeploymentPostprocessing = 0;
		};
/* End PBXFrameworksBuildPhase section */

/* Begin PBXGroup section */
		D8F8380C1DB87522006D4358 = {
			isa = PBXGroup;
			children = (
				D8F838171DB87522006D4358 /* TTImagePicker */,
				D8F838161DB87522006D4358 /* Products */,
			);
			sourceTree = "<group>";
		};
		D8F838161DB87522006D4358 /* Products */ = {
			isa = PBXGroup;
			children = (
				D8F838151DB87522006D4358 /* TTImagePicker.app */,
			);
			name = Products;
			sourceTree = "<group>";
		};
		D8F838171DB87522006D4358 /* TTImagePicker */ = {
			isa = PBXGroup;
			children = (
				D8F8382A1DB876D9006D4358 /* TTImagePicker.swift */,
				D8F838181DB87522006D4358 /* AppDelegate.swift */,
				D8F8381A1DB87522006D4358 /* ViewController.swift */,
				D8F8381C1DB87522006D4358 /* Main.storyboard */,
				D8F8381F1DB87522006D4358 /* Assets.xcassets */,
				D8F838211DB87522006D4358 /* LaunchScreen.storyboard */,
				D8F838241DB87522006D4358 /* Info.plist */,
			);
			path = TTImagePicker;
			sourceTree = "<group>";
		};
/* End PBXGroup section */

/* Begin PBXNativeTarget section */
		D8F838141DB87522006D4358 /* TTImagePicker */ = {
			isa = PBXNativeTarget;
			buildConfigurationList = D8F838271DB87522006D4358 /* Build configuration list for PBXNativeTarget "TTImagePicker" */;
			buildPhases = (
				D8F838111DB87522006D4358 /* Sources */,
				D8F838121DB87522006D4358 /* Frameworks */,
				D8F838131DB87522006D4358 /* Resources */,
			);
			buildRules = (
			);
			dependencies = (
			);
			name = TTImagePicker;
			productName = TTImagePicker;
			productReference = D8F838151DB87522006D4358 /* TTImagePicker.app */;
			productType = "com.apple.product-type.application";
		};
/* End PBXNativeTarget section */

/* Begin PBXProject section */
		D8F8380D1DB87522006D4358 /* Project object */ = {
			isa = PBXProject;
			attributes = {
				LastSwiftUpdateCheck = 0800;
				LastUpgradeCheck = 0800;
				ORGANIZATIONNAME = tanchao;
				TargetAttributes = {
					D8F838141DB87522006D4358 = {
						CreatedOnToolsVersion = 8.0;
						DevelopmentTeam = QUQSN63RJB;
						ProvisioningStyle = Automatic;
					};
				};
			};
			buildConfigurationList = D8F838101DB87522006D4358 /* Build configuration list for PBXProject "TTImagePicker" */;
			compatibilityVersion = "Xcode 3.2";
			developmentRegion = English;
			hasScannedForEncodings = 0;
			knownRegions = (
				en,
				Base,
			);
			mainGroup = D8F8380C1DB87522006D4358;
			productRefGroup = D8F838161DB87522006D4358 /* Products */;
			projectDirPath = "";
			projectRoot = "";
			targets = (
				D8F838141DB87522006D4358 /* TTImagePicker */,
			);
		};
/* End PBXProject section */

/* Begin PBXResourcesBuildPhase section */
		D8F838131DB87522006D4358 /* Resources */ = {
			isa = PBXResourcesBuildPhase;
			buildActionMask = 2147483647;
			files = (
				D8F838231DB87522006D4358 /* LaunchScreen.storyboard in Resources */,
				D8F838201DB87522006D4358 /* Assets.xcassets in Resources */,
				D8F8381E1DB87522006D4358 /* Main.storyboard in Resources */,
			);
			runOnlyForDeploymentPostprocessing = 0;
		};
/* End PBXResourcesBuildPhase section */

/* Begin PBXSourcesBuildPhase section */
		D8F838111DB87522006D4358 /* Sources */ = {
			isa = PBXSourcesBuildPhase;
			buildActionMask = 2147483647;
			files = (
				D8F8382B1DB876D9006D4358 /* TTImagePicker.swift in Sources */,
				D8F8381B1DB87522006D4358 /* ViewController.swift in Sources */,
				D8F838191DB87522006D4358 /* AppDelegate.swift in Sources */,
			);
			runOnlyForDeploymentPostprocessing = 0;
		};
/* End PBXSourcesBuildPhase section */

/* Begin PBXVariantGroup section */
		D8F8381C1DB87522006D4358 /* Main.storyboard */ = {
			isa = PBXVariantGroup;
			children = (
				D8F8381D1DB87522006D4358 /* Base */,
			);
			name = Main.storyboard;
			sourceTree = "<group>";
		};
		D8F838211DB87522006D4358 /* LaunchScreen.storyboard */ = {
			isa = PBXVariantGroup;
			children = (
				D8F838221DB87522006D4358 /* Base */,
			);
			name = LaunchScreen.storyboard;
			sourceTree = "<group>";
		};
/* End PBXVariantGroup section */

/* Begin XCBuildConfiguration section */
		D8F838251DB87522006D4358 /* Debug */ = {
			isa = XCBuildConfiguration;
			buildSettings = {
				ALWAYS_SEARCH_USER_PATHS = NO;
				CLANG_ANALYZER_NONNULL = YES;
				CLANG_CXX_LANGUAGE_STANDARD = "gnu++0x";
				CLANG_CXX_LIBRARY = "libc++";
				CLANG_ENABLE_MODULES = YES;
				CLANG_ENABLE_OBJC_ARC = YES;
				CLANG_WARN_BOOL_CONVERSION = YES;
				CLANG_WARN_CONSTANT_CONVERSION = YES;
				CLANG_WARN_DIRECT_OBJC_ISA_USAGE = YES_ERROR;
				CLANG_WARN_DOCUMENTATION_COMMENTS = YES;
				CLANG_WARN_EMPTY_BODY = YES;
				CLANG_WARN_ENUM_CONVERSION = YES;
				CLANG_WARN_INFINITE_RECURSION = YES;
				CLANG_WARN_INT_CONVERSION = YES;
				CLANG_WARN_OBJC_ROOT_CLASS = YES_ERROR;
				CLANG_WARN_SUSPICIOUS_MOVES = YES;
				CLANG_WARN_UNREACHABLE_CODE = YES;
				CLANG_WARN__DUPLICATE_METHOD_MATCH = YES;
				"CODE_SIGN_IDENTITY[sdk=iphoneos*]" = "iPhone Developer";
				COPY_PHASE_STRIP = NO;
				DEBUG_INFORMATION_FORMAT = dwarf;
				ENABLE_STRICT_OBJC_MSGSEND = YES;
				ENABLE_TESTABILITY = YES;
				GCC_C_LANGUAGE_STANDARD = gnu99;
				GCC_DYNAMIC_NO_PIC = NO;
				GCC_NO_COMMON_BLOCKS = YES;
				GCC_OPTIMIZATION_LEVEL = 0;
				GCC_PREPROCESSOR_DEFINITIONS = (
					"DEBUG=1",
					"$(inherited)",
				);
				GCC_WARN_64_TO_32_BIT_CONVERSION = YES;
				GCC_WARN_ABOUT_RETURN_TYPE = YES_ERROR;
				GCC_WARN_UNDECLARED_SELECTOR = YES;
				GCC_WARN_UNINITIALIZED_AUTOS = YES_AGGRESSIVE;
				GCC_WARN_UNUSED_FUNCTION = YES;
				GCC_WARN_UNUSED_VARIABLE = YES;
				IPHONEOS_DEPLOYMENT_TARGET = 10.0;
				MTL_ENABLE_DEBUG_INFO = YES;
				ONLY_ACTIVE_ARCH = YES;
				SDKROOT = iphoneos;
				SWIFT_ACTIVE_COMPILATION_CONDITIONS = DEBUG;
				SWIFT_OPTIMIZATION_LEVEL = "-Onone";
				TARGETED_DEVICE_FAMILY = "1,2";
			};
			name = Debug;
		};
		D8F838261DB87522006D4358 /* Release */ = {
			isa = XCBuildConfiguration;
			buildSettings = {
				ALWAYS_SEARCH_USER_PATHS = NO;
				CLANG_ANALYZER_NONNULL = YES;
				CLANG_CXX_LANGUAGE_STANDARD = "gnu++0x";
				CLANG_CXX_LIBRARY = "libc++";
				CLANG_ENABLE_MODULES = YES;
				CLANG_ENABLE_OBJC_ARC = YES;
				CLANG_WARN_BOOL_CONVERSION = YES;
				CLANG_WARN_CONSTANT_CONVERSION = YES;
				CLANG_WARN_DIRECT_OBJC_ISA_USAGE = YES_ERROR;
				CLANG_WARN_DOCUMENTATION_COMMENTS = YES;
				CLANG_WARN_EMPTY_BODY = YES;
				CLANG_WARN_ENUM_CONVERSION = YES;
				CLANG_WARN_INFINITE_RECURSION = YES;
				CLANG_WARN_INT_CONVERSION = YES;
				CLANG_WARN_OBJC_ROOT_CLASS = YES_ERROR;
				CLANG_WARN_SUSPICIOUS_MOVES = YES;
				CLANG_WARN_UNREACHABLE_CODE = YES;
				CLANG_WARN__DUPLICATE_METHOD_MATCH = YES;
				"CODE_SIGN_IDENTITY[sdk=iphoneos*]" = "iPhone Developer";
				COPY_PHASE_STRIP = NO;
				DEBUG_INFORMATION_FORMAT = "dwarf-with-dsym";
				ENABLE_NS_ASSERTIONS = NO;
				ENABLE_STRICT_OBJC_MSGSEND = YES;
				GCC_C_LANGUAGE_STANDARD = gnu99;
				GCC_NO_COMMON_BLOCKS = YES;
				GCC_WARN_64_TO_32_BIT_CONVERSION = YES;
				GCC_WARN_ABOUT_RETURN_TYPE = YES_ERROR;
				GCC_WARN_UNDECLARED_SELECTOR = YES;
				GCC_WARN_UNINITIALIZED_AUTOS = YES_AGGRESSIVE;
				GCC_WARN_UNUSED_FUNCTION = YES;
				GCC_WARN_UNUSED_VARIABLE = YES;
				IPHONEOS_DEPLOYMENT_TARGET = 10.0;
				MTL_ENABLE_DEBUG_INFO = NO;
				SDKROOT = iphoneos;
				SWIFT_OPTIMIZATION_LEVEL = "-Owholemodule";
				TARGETED_DEVICE_FAMILY = "1,2";
				VALIDATE_PRODUCT = YES;
			};
			name = Release;
		};
		D8F838281DB87522006D4358 /* Debug */ = {
			isa = XCBuildConfiguration;
			buildSettings = {
				ASSETCATALOG_COMPILER_APPICON_NAME = AppIcon;
				DEVELOPMENT_TEAM = QUQSN63RJB;
				INFOPLIST_FILE = TTImagePicker/Info.plist;
				IPHONEOS_DEPLOYMENT_TARGET = 8.0;
				LD_RUNPATH_SEARCH_PATHS = "$(inherited) @executable_path/Frameworks";
				PRODUCT_BUNDLE_IDENTIFIER = chaoren.TTImagePicker;
				PRODUCT_NAME = "$(TARGET_NAME)";
				SWIFT_VERSION = 3.0;
			};
			name = Debug;
		};
		D8F838291DB87522006D4358 /* Release */ = {
			isa = XCBuildConfiguration;
			buildSettings = {
				ASSETCATALOG_COMPILER_APPICON_NAME = AppIcon;
				DEVELOPMENT_TEAM = QUQSN63RJB;
				INFOPLIST_FILE = TTImagePicker/Info.plist;
				IPHONEOS_DEPLOYMENT_TARGET = 8.0;
				LD_RUNPATH_SEARCH_PATHS = "$(inherited) @executable_path/Frameworks";
				PRODUCT_BUNDLE_IDENTIFIER = chaoren.TTImagePicker;
				PRODUCT_NAME = "$(TARGET_NAME)";
				SWIFT_VERSION = 3.0;
			};
			name = Release;
		};
/* End XCBuildConfiguration section */

/* Begin XCConfigurationList section */
		D8F838101DB87522006D4358 /* Build configuration list for PBXProject "TTImagePicker" */ = {
			isa = XCConfigurationList;
			buildConfigurations = (
				D8F838251DB87522006D4358 /* Debug */,
				D8F838261DB87522006D4358 /* Release */,
			);
			defaultConfigurationIsVisible = 0;
			defaultConfigurationName = Release;
		};
		D8F838271DB87522006D4358 /* Build configuration list for PBXNativeTarget "TTImagePicker" */ = {
			isa = XCConfigurationList;
			buildConfigurations = (
				D8F838281DB87522006D4358 /* Debug */,
				D8F838291DB87522006D4358 /* Release */,
			);
			defaultConfigurationIsVisible = 0;
			defaultConfigurationName = Release;
		};
/* End XCConfigurationList section */
	};
	rootObject = D8F8380D1DB87522006D4358 /* Project object */;
}
